
Microsoft Visual Studio Solution File, Format Version 12.00
# Visual Studio 15
VisualStudioVersion = 15.0.27703.2042
MinimumVisualStudioVersion = 10.0.40219.1
Project("{FAE04EC0-301F-11D3-BF4B-00C04F79EFBC}") = "EposNowImportSplitter", "EposNowImportSplitter\EposNowImportSplitter.csproj", "{9527F7D0-6A6E-4295-B026-D5BFC264F50E}"
EndProject
Global
	GlobalSection(SolutionConfigurationPlatforms) = preSolution
		Debug|Any CPU = Debug|Any CPU
		Release|Any CPU = Release|Any CPU
	EndGlobalSection
	GlobalSection(ProjectConfigurationPlatforms) = postSolution
		{9527F7D0-6A6E-4295-B026-D5BFC264F50E}.Debug|Any CPU.ActiveCfg = Debug|Any CPU
		{9527F7D0-6A6E-4295-B026-D5BFC264F50E}.Debug|Any CPU.Build.0 = Debug|Any CPU
		{9527F7D0-6A6E-4295-B026-D5BFC264F50E}.Release|Any CPU.ActiveCfg = Release|Any CPU
		{9527F7D0-6A6E-4295-B026-D5BFC264F50E}.Release|Any CPU.Build.0 = Release|Any CPU
	EndGlobalSection
	GlobalSection(SolutionProperties) = preSolution
		HideSolutionNode = FALSE
	EndGlobalSection
	GlobalSection(ExtensibilityGlobals) = postSolution
		SolutionGuid = {A8CCD63E-E164-4D59-9856-A9219FB4E0E4}
	EndGlobalSection
EndGlobal
